
Microsoft Visual Studio Solution File, Format Version 12.00
# Visual Studio Version 17
VisualStudioVersion = 17.0.31912.275
MinimumVisualStudioVersion = 10.0.40219.1
Project("{2150E333-8FDC-42A3-9474-1A3956D46DE8}") = "scripts", "scripts", "{8A27BA71-5F5C-44D1-BD48-B262D1DB4219}"
	ProjectSection(SolutionItems) = preProject
		build.ps1 = build.ps1
	EndProjectSection
EndProject
Project("{9A19103F-16F7-4668-BE54-9A1E7A4F7556}") = "AC.Placeholder", "AC.Placeholder\AC.Placeholder.csproj", "{155E039B-692B-4A3F-97D8-767121BFE287}"
EndProject
Project("{9A19103F-16F7-4668-BE54-9A1E7A4F7556}") = "AC.Placeholder.Features", "AC.Placeholder.Features\AC.Placeholder.Features.csproj", "{1A636536-C187-4040-882A-98E4456E0A22}"
EndProject
Global
	GlobalSection(SolutionConfigurationPlatforms) = preSolution
		Debug|Any CPU = Debug|Any CPU
		Release|Any CPU = Release|Any CPU
	EndGlobalSection
	GlobalSection(ProjectConfigurationPlatforms) = postSolution
		{155E039B-692B-4A3F-97D8-767121BFE287}.Debug|Any CPU.ActiveCfg = Debug|Any CPU
		{155E039B-692B-4A3F-97D8-767121BFE287}.Debug|Any CPU.Build.0 = Debug|Any CPU
		{155E039B-692B-4A3F-97D8-767121BFE287}.Release|Any CPU.ActiveCfg = Release|Any CPU
		{155E039B-692B-4A3F-97D8-767121BFE287}.Release|Any CPU.Build.0 = Release|Any CPU
		{1A636536-C187-4040-882A-98E4456E0A22}.Debug|Any CPU.ActiveCfg = Debug|Any CPU
		{1A636536-C187-4040-882A-98E4456E0A22}.Debug|Any CPU.Build.0 = Debug|Any CPU
		{1A636536-C187-4040-882A-98E4456E0A22}.Release|Any CPU.ActiveCfg = Release|Any CPU
		{1A636536-C187-4040-882A-98E4456E0A22}.Release|Any CPU.Build.0 = Release|Any CPU
	EndGlobalSection
	GlobalSection(SolutionProperties) = preSolution
		HideSolutionNode = FALSE
	EndGlobalSection
	GlobalSection(ExtensibilityGlobals) = postSolution
		SolutionGuid = {7F1F4358-FF07-4164-8D15-29B5C7876B86}
	EndGlobalSection
EndGlobal
